{
    "name": "slocasion",
    "lockfileVersion": 2,
    "requires": true,
    "packages": {
        "": {
            "name": "slocasion",
            "devDependencies": {
                "axios": "^1.6.2",
                "lodash": "^4.17.19",
                "postcss": "^8.1.14",
                "resolve-url-loader": "^5.0.0"
            }
        },
        "node_modules/adjust-sourcemap-loader": {
            "version": "4.0.0",
            "resolved": "https://registry.npmjs.org/adjust-sourcemap-loader/-/adjust-sourcemap-loader-4.0.0.tgz",
            "integrity": "sha512-OXwN5b9pCUXNQHJpwwD2qP40byEmSgzj8B4ydSN0uMNYWiFmJ6x6KwUllMmfk8Rwu/HJDFR7U8ubsWBoN0Xp0A==",
            "dev": true,
            "dependencies": {
                "loader-utils": "^2.0.0",
                "regex-parser": "^2.2.11"
            },
            "engines": {
                "node": ">=8.9"
            }
        },
        "node_modules/asynckit": {
            "version": "0.4.0",
            "resolved": "https://registry.npmjs.org/asynckit/-/asynckit-0.4.0.tgz",
            "integrity": "sha512-Oei9OH4tRh0YqU3GxhX79dM/mwVgvbZJaSNaRk+bshkj0S5cfHcgYakreBjrHwatXKbz+IoIdYLxrKim2MjW0Q==",
            "dev": true
        },
        "node_modules/axios": {
            "version": "1.6.2",
            "resolved": "https://registry.npmjs.org/axios/-/axios-1.6.2.tgz",
            "integrity": "sha512-7i24Ri4pmDRfJTR7LDBhsOTtcm+9kjX5WiY1X3wIisx6G9So3pfMkEiU7emUBe46oceVImccTEM3k6C5dbVW8A==",
            "dev": true,
            "dependencies": {
                "follow-redirects": "^1.15.0",
                "form-data": "^4.0.0",
                "proxy-from-env": "^1.1.0"
            }
        },
        "node_modules/big.js": {
            "version": "5.2.2",
            "resolved": "https://registry.npmjs.org/big.js/-/big.js-5.2.2.tgz",
            "integrity": "sha512-vyL2OymJxmarO8gxMr0mhChsO9QGwhynfuu4+MHTAW6czfq9humCB7rKpUjDd9YUiDPU4mzpyupFSvOClAwbmQ==",
            "dev": true,
            "engines": {
                "node": "*"
            }
        },
        "node_modules/combined-stream": {
            "version": "1.0.8",
            "resolved": "https://registry.npmjs.org/combined-stream/-/combined-stream-1.0.8.tgz",
            "integrity": "sha512-FQN4MRfuJeHf7cBbBMJFXhKSDq+2kAArBlmRBvcvFE5BB1HZKXtSFASDhdlz9zOYwxh8lDdnvmMOe/+5cdoEdg==",
            "dev": true,
            "dependencies": {
                "delayed-stream": "~1.0.0"
            },
            "engines": {
                "node": ">= 0.8"
            }
        },
        "node_modules/convert-source-map": {
            "version": "1.8.0",
            "resolved": "https://registry.npmjs.org/convert-source-map/-/convert-source-map-1.8.0.tgz",
            "integrity": "sha512-+OQdjP49zViI/6i7nIJpA8rAl4sV/JdPfU9nZs3VqOwGIgizICvuN2ru6fMd+4llL0tar18UYJXfZ/TWtmhUjA==",
            "dev": true,
            "dependencies": {
                "safe-buffer": "~5.1.1"
            }
        },
        "node_modules/delayed-stream": {
            "version": "1.0.0",
            "resolved": "https://registry.npmjs.org/delayed-stream/-/delayed-stream-1.0.0.tgz",
            "integrity": "sha512-ZySD7Nf91aLB0RxL4KGrKHBXl7Eds1DAmEdcoVawXnLD7SDhpNgtuII2aAkg7a7QS41jxPSZ17p4VdGnMHk3MQ==",
            "dev": true,
            "engines": {
                "node": ">=0.4.0"
            }
        },
        "node_modules/emojis-list": {
            "version": "3.0.0",
            "resolved": "https://registry.npmjs.org/emojis-list/-/emojis-list-3.0.0.tgz",
            "integrity": "sha512-/kyM18EfinwXZbno9FyUGeFh87KC8HRQBQGildHZbEuRyWFOmv1U10o9BBp8XVZDVNNuQKyIGIu5ZYAAXJ0V2Q==",
            "dev": true,
            "engines": {
                "node": ">= 4"
            }
        },
        "node_modules/follow-redirects": {
            "version": "1.15.3",
            "resolved": "https://registry.npmjs.org/follow-redirects/-/follow-redirects-1.15.3.tgz",
            "integrity": "sha512-1VzOtuEM8pC9SFU1E+8KfTjZyMztRsgEfwQl44z8A25uy13jSzTj6dyK2Df52iV0vgHCfBwLhDWevLn95w5v6Q==",
            "dev": true,
            "funding": [
                {
                    "type": "individual",
                    "url": "https://github.com/sponsors/RubenVerborgh"
                }
            ],
            "engines": {
                "node": ">=4.0"
            },
            "peerDependenciesMeta": {
                "debug": {
                    "optional": true
                }
            }
        },
        "node_modules/form-data": {
            "version": "4.0.0",
            "resolved": "https://registry.npmjs.org/form-data/-/form-data-4.0.0.tgz",
            "integrity": "sha512-ETEklSGi5t0QMZuiXoA/Q6vcnxcLQP5vdugSpuAyi6SVGi2clPPp+xgEhuMaHC+zGgn31Kd235W35f7Hykkaww==",
            "dev": true,
            "dependencies": {
                "asynckit": "^0.4.0",
                "combined-stream": "^1.0.8",
                "mime-types": "^2.1.12"
            },
            "engines": {
                "node": ">= 6"
            }
        },
        "node_modules/json5": {
            "version": "2.2.3",
            "resolved": "https://registry.npmjs.org/json5/-/json5-2.2.3.tgz",
            "integrity": "sha512-XmOWe7eyHYH14cLdVPoyg+GOH3rYX++KpzrylJwSW98t3Nk+U8XOl8FWKOgwtzdb8lXGf6zYwDUzeHMWfxasyg==",
            "dev": true,
            "bin": {
                "json5": "lib/cli.js"
            },
            "engines": {
                "node": ">=6"
            }
        },
        "node_modules/loader-utils": {
            "version": "2.0.4",
            "resolved": "https://registry.npmjs.org/loader-utils/-/loader-utils-2.0.4.tgz",
            "integrity": "sha512-xXqpXoINfFhgua9xiqD8fPFHgkoq1mmmpE92WlDbm9rNRd/EbRb+Gqf908T2DMfuHjjJlksiK2RbHVOdD/MqSw==",
            "dev": true,
            "dependencies": {
                "big.js": "^5.2.2",
                "emojis-list": "^3.0.0",
                "json5": "^2.1.2"
            },
            "engines": {
                "node": ">=8.9.0"
            }
        },
        "node_modules/lodash": {
            "version": "4.17.21",
            "resolved": "https://registry.npmjs.org/lodash/-/lodash-4.17.21.tgz",
            "integrity": "sha512-v2kDEe57lecTulaDIuNTPy3Ry4gLGJ6Z1O3vE1krgXZNrsQ+LFTGHVxVjcXPs17LhbZVGedAJv8XZ1tvj5FvSg==",
            "dev": true
        },
        "node_modules/mime-db": {
            "version": "1.52.0",
            "resolved": "https://registry.npmjs.org/mime-db/-/mime-db-1.52.0.tgz",
            "integrity": "sha512-sPU4uV7dYlvtWJxwwxHD0PuihVNiE7TyAbQ5SWxDCB9mUYvOgroQOwYQQOKPJ8CIbE+1ETVlOoK1UC2nU3gYvg==",
            "dev": true,
            "engines": {
                "node": ">= 0.6"
            }
        },
        "node_modules/mime-types": {
            "version": "2.1.35",
            "resolved": "https://registry.npmjs.org/mime-types/-/mime-types-2.1.35.tgz",
            "integrity": "sha512-ZDY+bPm5zTTF+YpCrAU9nK0UgICYPT0QtT1NZWFv4s++TNkcgVaT0g6+4R2uI4MjQjzysHB1zxuWL50hzaeXiw==",
            "dev": true,
            "dependencies": {
                "mime-db": "1.52.0"
            },
            "engines": {
                "node": ">= 0.6"
            }
        },
        "node_modules/nanoid": {
            "version": "3.3.7",
            "resolved": "https://registry.npmjs.org/nanoid/-/nanoid-3.3.7.tgz",
            "integrity": "sha512-eSRppjcPIatRIMC1U6UngP8XFcz8MQWGQdt1MTBQ7NaAmvXDfvNxbvWV3x2y6CdEUciCSsDHDQZbhYaB8QEo2g==",
            "dev": true,
            "funding": [
                {
                    "type": "github",
                    "url": "https://github.com/sponsors/ai"
                }
            ],
            "bin": {
                "nanoid": "bin/nanoid.cjs"
            },
            "engines": {
                "node": "^10 || ^12 || ^13.7 || ^14 || >=15.0.1"
            }
        },
        "node_modules/picocolors": {
            "version": "1.0.0",
            "resolved": "https://registry.npmjs.org/picocolors/-/picocolors-1.0.0.tgz",
            "integrity": "sha512-1fygroTLlHu66zi26VoTDv8yRgm0Fccecssto+MhsZ0D/DGW2sm8E8AjW7NU5VVTRt5GxbeZ5qBuJr+HyLYkjQ==",
            "dev": true
        },
        "node_modules/postcss": {
            "version": "8.4.31",
            "resolved": "https://registry.npmjs.org/postcss/-/postcss-8.4.31.tgz",
            "integrity": "sha512-PS08Iboia9mts/2ygV3eLpY5ghnUcfLV/EXTOW1E2qYxJKGGBUtNjN76FYHnMs36RmARn41bC0AZmn+rR0OVpQ==",
            "dev": true,
            "funding": [
                {
                    "type": "opencollective",
                    "url": "https://opencollective.com/postcss/"
                },
                {
                    "type": "tidelift",
                    "url": "https://tidelift.com/funding/github/npm/postcss"
                },
                {
                    "type": "github",
                    "url": "https://github.com/sponsors/ai"
                }
            ],
            "dependencies": {
                "nanoid": "^3.3.6",
                "picocolors": "^1.0.0",
                "source-map-js": "^1.0.2"
            },
            "engines": {
                "node": "^10 || ^12 || >=14"
            }
        },
        "node_modules/proxy-from-env": {
            "version": "1.1.0",
            "resolved": "https://registry.npmjs.org/proxy-from-env/-/proxy-from-env-1.1.0.tgz",
            "integrity": "sha512-D+zkORCbA9f1tdWRK0RaCR3GPv50cMxcrz4X8k5LTSUD1Dkw47mKJEZQNunItRTkWwgtaUSo1RVFRIG9ZXiFYg==",
            "dev": true
        },
        "node_modules/regex-parser": {
            "version": "2.2.11",
            "resolved": "https://registry.npmjs.org/regex-parser/-/regex-parser-2.2.11.tgz",
            "integrity": "sha512-jbD/FT0+9MBU2XAZluI7w2OBs1RBi6p9M83nkoZayQXXU9e8Robt69FcZc7wU4eJD/YFTjn1JdCk3rbMJajz8Q==",
            "dev": true
        },
        "node_modules/resolve-url-loader": {
            "version": "5.0.0",
            "resolved": "https://registry.npmjs.org/resolve-url-loader/-/resolve-url-loader-5.0.0.tgz",
            "integrity": "sha512-uZtduh8/8srhBoMx//5bwqjQ+rfYOUq8zC9NrMUGtjBiGTtFJM42s58/36+hTqeqINcnYe08Nj3LkK9lW4N8Xg==",
            "dev": true,
            "dependencies": {
                "adjust-sourcemap-loader": "^4.0.0",
                "convert-source-map": "^1.7.0",
                "loader-utils": "^2.0.0",
                "postcss": "^8.2.14",
                "source-map": "0.6.1"
            },
            "engines": {
                "node": ">=12"
            }
        },
        "node_modules/safe-buffer": {
            "version": "5.1.2",
            "resolved": "https://registry.npmjs.org/safe-buffer/-/safe-buffer-5.1.2.tgz",
            "integrity": "sha512-Gd2UZBJDkXlY7GbJxfsE8/nvKkUEU1G38c1siN6QP6a9PT9MmHB8GnpscSmMJSoF8LOIrt8ud/wPtojys4G6+g==",
            "dev": true
        },
        "node_modules/source-map": {
            "version": "0.6.1",
            "resolved": "https://registry.npmjs.org/source-map/-/source-map-0.6.1.tgz",
            "integrity": "sha512-UjgapumWlbMhkBgzT7Ykc5YXUT46F0iKu8SGXq0bcwP5dz/h0Plj6enJqjz1Zbq2l5WaqYnrVbwWOWMyF3F47g==",
            "dev": true,
            "engines": {
                "node": ">=0.10.0"
            }
        },
        "node_modules/source-map-js": {
            "version": "1.0.2",
            "resolved": "https://registry.npmjs.org/source-map-js/-/source-map-js-1.0.2.tgz",
            "integrity": "sha512-R0XvVJ9WusLiqTCEiGCmICCMplcCkIwwR11mOSD9CR5u+IXYdiseeEuXCVAjS54zqwkLcPNnmU4OeJ6tUrWhDw==",
            "dev": true,
            "engines": {
                "node": ">=0.10.0"
            }
        }
    },
    "dependencies": {
        "adjust-sourcemap-loader": {
            "version": "4.0.0",
            "resolved": "https://registry.npmjs.org/adjust-sourcemap-loader/-/adjust-sourcemap-loader-4.0.0.tgz",
            "integrity": "sha512-OXwN5b9pCUXNQHJpwwD2qP40byEmSgzj8B4ydSN0uMNYWiFmJ6x6KwUllMmfk8Rwu/HJDFR7U8ubsWBoN0Xp0A==",
            "dev": true,
            "requires": {
                "loader-utils": "^2.0.0",
                "regex-parser": "^2.2.11"
            }
        },
        "asynckit": {
            "version": "0.4.0",
            "resolved": "https://registry.npmjs.org/asynckit/-/asynckit-0.4.0.tgz",
            "integrity": "sha512-Oei9OH4tRh0YqU3GxhX79dM/mwVgvbZJaSNaRk+bshkj0S5cfHcgYakreBjrHwatXKbz+IoIdYLxrKim2MjW0Q==",
            "dev": true
        },
        "axios": {
            "version": "1.6.2",
            "resolved": "https://registry.npmjs.org/axios/-/axios-1.6.2.tgz",
            "integrity": "sha512-7i24Ri4pmDRfJTR7LDBhsOTtcm+9kjX5WiY1X3wIisx6G9So3pfMkEiU7emUBe46oceVImccTEM3k6C5dbVW8A==",
            "dev": true,
            "requires": {
                "follow-redirects": "^1.15.0",
                "form-data": "^4.0.0",
                "proxy-from-env": "^1.1.0"
            }
        },
        "big.js": {
            "version": "5.2.2",
            "resolved": "https://registry.npmjs.org/big.js/-/big.js-5.2.2.tgz",
            "integrity": "sha512-vyL2OymJxmarO8gxMr0mhChsO9QGwhynfuu4+MHTAW6czfq9humCB7rKpUjDd9YUiDPU4mzpyupFSvOClAwbmQ==",
            "dev": true
        },
        "combined-stream": {
            "version": "1.0.8",
            "resolved": "https://registry.npmjs.org/combined-stream/-/combined-stream-1.0.8.tgz",
            "integrity": "sha512-FQN4MRfuJeHf7cBbBMJFXhKSDq+2kAArBlmRBvcvFE5BB1HZKXtSFASDhdlz9zOYwxh8lDdnvmMOe/+5cdoEdg==",
            "dev": true,
            "requires": {
                "delayed-stream": "~1.0.0"
            }
        },
        "convert-source-map": {
            "version": "1.8.0",
            "resolved": "https://registry.npmjs.org/convert-source-map/-/convert-source-map-1.8.0.tgz",
            "integrity": "sha512-+OQdjP49zViI/6i7nIJpA8rAl4sV/JdPfU9nZs3VqOwGIgizICvuN2ru6fMd+4llL0tar18UYJXfZ/TWtmhUjA==",
            "dev": true,
            "requires": {
                "safe-buffer": "~5.1.1"
            }
        },
        "delayed-stream": {
            "version": "1.0.0",
            "resolved": "https://registry.npmjs.org/delayed-stream/-/delayed-stream-1.0.0.tgz",
            "integrity": "sha512-ZySD7Nf91aLB0RxL4KGrKHBXl7Eds1DAmEdcoVawXnLD7SDhpNgtuII2aAkg7a7QS41jxPSZ17p4VdGnMHk3MQ==",
            "dev": true
        },
        "emojis-list": {
            "version": "3.0.0",
            "resolved": "https://registry.npmjs.org/emojis-list/-/emojis-list-3.0.0.tgz",
            "integrity": "sha512-/kyM18EfinwXZbno9FyUGeFh87KC8HRQBQGildHZbEuRyWFOmv1U10o9BBp8XVZDVNNuQKyIGIu5ZYAAXJ0V2Q==",
            "dev": true
        },
        "follow-redirects": {
            "version": "1.15.3",
            "resolved": "https://registry.npmjs.org/follow-redirects/-/follow-redirects-1.15.3.tgz",
            "integrity": "sha512-1VzOtuEM8pC9SFU1E+8KfTjZyMztRsgEfwQl44z8A25uy13jSzTj6dyK2Df52iV0vgHCfBwLhDWevLn95w5v6Q==",
            "dev": true
        },
        "form-data": {
            "version": "4.0.0",
            "resolved": "https://registry.npmjs.org/form-data/-/form-data-4.0.0.tgz",
            "integrity": "sha512-ETEklSGi5t0QMZuiXoA/Q6vcnxcLQP5vdugSpuAyi6SVGi2clPPp+xgEhuMaHC+zGgn31Kd235W35f7Hykkaww==",
            "dev": true,
            "requires": {
                "asynckit": "^0.4.0",
                "combined-stream": "^1.0.8",
                "mime-types": "^2.1.12"
            }
        },
        "json5": {
            "version": "2.2.3",
            "resolved": "https://registry.npmjs.org/json5/-/json5-2.2.3.tgz",
            "integrity": "sha512-XmOWe7eyHYH14cLdVPoyg+GOH3rYX++KpzrylJwSW98t3Nk+U8XOl8FWKOgwtzdb8lXGf6zYwDUzeHMWfxasyg==",
            "dev": true
        },
        "loader-utils": {
            "version": "2.0.4",
            "resolved": "https://registry.npmjs.org/loader-utils/-/loader-utils-2.0.4.tgz",
            "integrity": "sha512-xXqpXoINfFhgua9xiqD8fPFHgkoq1mmmpE92WlDbm9rNRd/EbRb+Gqf908T2DMfuHjjJlksiK2RbHVOdD/MqSw==",
            "dev": true,
            "requires": {
                "big.js": "^5.2.2",
                "emojis-list": "^3.0.0",
                "json5": "^2.1.2"
            }
        },
        "lodash": {
            "version": "4.17.21",
            "resolved": "https://registry.npmjs.org/lodash/-/lodash-4.17.21.tgz",
            "integrity": "sha512-v2kDEe57lecTulaDIuNTPy3Ry4gLGJ6Z1O3vE1krgXZNrsQ+LFTGHVxVjcXPs17LhbZVGedAJv8XZ1tvj5FvSg==",
            "dev": true
        },
        "mime-db": {
            "version": "1.52.0",
            "resolved": "https://registry.npmjs.org/mime-db/-/mime-db-1.52.0.tgz",
            "integrity": "sha512-sPU4uV7dYlvtWJxwwxHD0PuihVNiE7TyAbQ5SWxDCB9mUYvOgroQOwYQQOKPJ8CIbE+1ETVlOoK1UC2nU3gYvg==",
            "dev": true
        },
        "mime-types": {
            "version": "2.1.35",
            "resolved": "https://registry.npmjs.org/mime-types/-/mime-types-2.1.35.tgz",
            "integrity": "sha512-ZDY+bPm5zTTF+YpCrAU9nK0UgICYPT0QtT1NZWFv4s++TNkcgVaT0g6+4R2uI4MjQjzysHB1zxuWL50hzaeXiw==",
            "dev": true,
            "requires": {
                "mime-db": "1.52.0"
            }
        },
        "nanoid": {
            "version": "3.3.7",
            "resolved": "https://registry.npmjs.org/nanoid/-/nanoid-3.3.7.tgz",
            "integrity": "sha512-eSRppjcPIatRIMC1U6UngP8XFcz8MQWGQdt1MTBQ7NaAmvXDfvNxbvWV3x2y6CdEUciCSsDHDQZbhYaB8QEo2g==",
            "dev": true
        },
        "picocolors": {
            "version": "1.0.0",
            "resolved": "https://registry.npmjs.org/picocolors/-/picocolors-1.0.0.tgz",
            "integrity": "sha512-1fygroTLlHu66zi26VoTDv8yRgm0Fccecssto+MhsZ0D/DGW2sm8E8AjW7NU5VVTRt5GxbeZ5qBuJr+HyLYkjQ==",
            "dev": true
        },
        "postcss": {
            "version": "8.4.31",
            "resolved": "https://registry.npmjs.org/postcss/-/postcss-8.4.31.tgz",
            "integrity": "sha512-PS08Iboia9mts/2ygV3eLpY5ghnUcfLV/EXTOW1E2qYxJKGGBUtNjN76FYHnMs36RmARn41bC0AZmn+rR0OVpQ==",
            "dev": true,
            "requires": {
                "nanoid": "^3.3.6",
                "picocolors": "^1.0.0",
                "source-map-js": "^1.0.2"
            }
        },
        "proxy-from-env": {
            "version": "1.1.0",
            "resolved": "https://registry.npmjs.org/proxy-from-env/-/proxy-from-env-1.1.0.tgz",
            "integrity": "sha512-D+zkORCbA9f1tdWRK0RaCR3GPv50cMxcrz4X8k5LTSUD1Dkw47mKJEZQNunItRTkWwgtaUSo1RVFRIG9ZXiFYg==",
            "dev": true
        },
        "regex-parser": {
            "version": "2.2.11",
            "resolved": "https://registry.npmjs.org/regex-parser/-/regex-parser-2.2.11.tgz",
            "integrity": "sha512-jbD/FT0+9MBU2XAZluI7w2OBs1RBi6p9M83nkoZayQXXU9e8Robt69FcZc7wU4eJD/YFTjn1JdCk3rbMJajz8Q==",
            "dev": true
        },
        "resolve-url-loader": {
            "version": "5.0.0",
            "resolved": "https://registry.npmjs.org/resolve-url-loader/-/resolve-url-loader-5.0.0.tgz",
            "integrity": "sha512-uZtduh8/8srhBoMx//5bwqjQ+rfYOUq8zC9NrMUGtjBiGTtFJM42s58/36+hTqeqINcnYe08Nj3LkK9lW4N8Xg==",
            "dev": true,
            "requires": {
                "adjust-sourcemap-loader": "^4.0.0",
                "convert-source-map": "^1.7.0",
                "loader-utils": "^2.0.0",
                "postcss": "^8.2.14",
                "source-map": "0.6.1"
            }
        },
        "safe-buffer": {
            "version": "5.1.2",
            "resolved": "https://registry.npmjs.org/safe-buffer/-/safe-buffer-5.1.2.tgz",
            "integrity": "sha512-Gd2UZBJDkXlY7GbJxfsE8/nvKkUEU1G38c1siN6QP6a9PT9MmHB8GnpscSmMJSoF8LOIrt8ud/wPtojys4G6+g==",
            "dev": true
        },
        "source-map": {
            "version": "0.6.1",
            "resolved": "https://registry.npmjs.org/source-map/-/source-map-0.6.1.tgz",
            "integrity": "sha512-UjgapumWlbMhkBgzT7Ykc5YXUT46F0iKu8SGXq0bcwP5dz/h0Plj6enJqjz1Zbq2l5WaqYnrVbwWOWMyF3F47g==",
            "dev": true
        },
        "source-map-js": {
            "version": "1.0.2",
            "resolved": "https://registry.npmjs.org/source-map-js/-/source-map-js-1.0.2.tgz",
            "integrity": "sha512-R0XvVJ9WusLiqTCEiGCmICCMplcCkIwwR11mOSD9CR5u+IXYdiseeEuXCVAjS54zqwkLcPNnmU4OeJ6tUrWhDw==",
            "dev": true
        }
    }
}
